{
  "version": 4,
  "terraform_version": "0.12.13",
  "serial": 13,
  "lineage": "fd55c4f5-b41f-f87e-3e38-79d026493088",
  "outputs": {
    "app_service_default_hostname": {
      "value": "https://zerobig-terraform-app-service.azurewebsites.net",
      "type": "string"
    },
    "app_service_name": {
      "value": "zerobig-terraform-app-service",
      "type": "string"
    }
  },
  "resources": [
    {
      "mode": "managed",
      "type": "azurerm_app_service",
      "name": "zerobigtest",
      "provider": "provider.azurerm",
      "instances": [
        {
          "schema_version": 0,
          "attributes": {
            "app_service_plan_id": "/subscriptions/f8764f39-01ee-4631-9941-77b286ed971b/resourceGroups/terraform-resource-group/providers/Microsoft.Web/serverfarms/terraform-appserviceplan",
            "app_settings": {
              "SOME_KEY": "some-value"
            },
            "auth_settings": [
              {
                "active_directory": [],
                "additional_login_params": {},
                "allowed_external_redirect_urls": [],
                "default_provider": "",
                "enabled": false,
                "facebook": [],
                "google": [],
                "issuer": "",
                "microsoft": [],
                "runtime_version": "",
                "token_refresh_extension_hours": 0,
                "token_store_enabled": false,
                "twitter": [],
                "unauthenticated_client_action": ""
              }
            ],
            "backup": [],
            "client_affinity_enabled": true,
            "client_cert_enabled": false,
            "connection_string": [
              {
                "name": "Database",
                "type": "SQLServer",
                "value": "Server=some-server.mydomain.com;Integrated Security=SSPI"
              }
            ],
            "default_site_hostname": "zerobig-terraform-app-service.azurewebsites.net",
            "enabled": true,
            "https_only": false,
            "id": "/subscriptions/f8764f39-01ee-4631-9941-77b286ed971b/resourceGroups/terraform-resource-group/providers/Microsoft.Web/sites/zerobig-terraform-app-service",
            "identity": [],
            "location": "koreacentral",
            "logs": [
              {
                "application_logs": [
                  {
                    "azure_blob_storage": []
                  }
                ],
                "http_logs": [
                  {
                    "azure_blob_storage": [],
                    "file_system": []
                  }
                ]
              }
            ],
            "name": "zerobig-terraform-app-service",
            "outbound_ip_addresses": "52.231.77.58,52.231.73.183,52.231.71.204,52.231.66.104,52.231.77.171",
            "possible_outbound_ip_addresses": "52.231.77.58,52.231.73.183,52.231.71.204,52.231.66.104,52.231.77.171,52.231.69.238,52.231.78.172,52.231.69.251",
            "resource_group_name": "terraform-resource-group",
            "site_config": [
              {
                "always_on": false,
                "app_command_line": "",
                "cors": [
                  {
                    "allowed_origins": [],
                    "support_credentials": false
                  }
                ],
                "default_documents": null,
                "dotnet_framework_version": "v4.0",
                "ftps_state": "AllAllowed",
                "http2_enabled": false,
                "ip_restriction": [],
                "java_container": "",
                "java_container_version": "",
                "java_version": "",
                "linux_fx_version": "",
                "local_mysql_enabled": false,
                "managed_pipeline_mode": "Integrated",
                "min_tls_version": "1.2",
                "php_version": "",
                "python_version": "",
                "remote_debugging_enabled": false,
                "remote_debugging_version": "VS2017",
                "scm_type": "LocalGit",
                "use_32_bit_worker_process": false,
                "virtual_network_name": "",
                "websockets_enabled": false,
                "windows_fx_version": ""
              }
            ],
            "site_credential": [
              {
                "password": "R05n0pF4jgstDNstvfKHX1GNlvPfqej2KdwL1FJimiubzllupciNXjfF4Efy",
                "username": "$zerobig-terraform-app-service"
              }
            ],
            "source_control": [
              {
                "branch": "master",
                "repo_url": "https://zerobig-terraform-app-service.scm.azurewebsites.net"
              }
            ],
            "storage_account": [],
            "tags": {}
          },
          "private": "bnVsbA==",
          "depends_on": [
            "azurerm_app_service_plan.test",
            "azurerm_resource_group.test"
          ]
        }
      ]
    },
    {
      "mode": "managed",
      "type": "azurerm_app_service_plan",
      "name": "test",
      "provider": "provider.azurerm",
      "instances": [
        {
          "schema_version": 0,
          "attributes": {
            "app_service_environment_id": null,
            "id": "/subscriptions/f8764f39-01ee-4631-9941-77b286ed971b/resourceGroups/terraform-resource-group/providers/Microsoft.Web/serverfarms/terraform-appserviceplan",
            "is_xenon": false,
            "kind": "Windows",
            "location": "koreacentral",
            "maximum_elastic_worker_count": 1,
            "maximum_number_of_workers": 10,
            "name": "terraform-appserviceplan",
            "per_site_scaling": false,
            "properties": [
              {
                "app_service_environment_id": "",
                "per_site_scaling": false,
                "reserved": false
              }
            ],
            "reserved": false,
            "resource_group_name": "terraform-resource-group",
            "sku": [
              {
                "capacity": 1,
                "size": "S1",
                "tier": "Standard"
              }
            ],
            "tags": {}
          },
          "private": "bnVsbA==",
          "depends_on": [
            "azurerm_resource_group.test"
          ]
        }
      ]
    },
    {
      "mode": "managed",
      "type": "azurerm_resource_group",
      "name": "test",
      "provider": "provider.azurerm",
      "instances": [
        {
          "schema_version": 0,
          "attributes": {
            "id": "/subscriptions/f8764f39-01ee-4631-9941-77b286ed971b/resourceGroups/terraform-resource-group",
            "location": "koreacentral",
            "name": "terraform-resource-group",
            "tags": {}
          },
          "private": "bnVsbA=="
        }
      ]
    }
  ]
}
